
Microsoft Visual Studio Solution File, Format Version 11.00
# Visual Studio 2010
Project("{8BC9CEB8-8B4A-11D0-8D11-00A0C91BC942}") = "FillNop", "FillNop\FillNop.vcxproj", "{8456E5DC-7E59-4431-A7FB-BC68047CA2A9}"
EndProject
Global
	GlobalSection(SolutionConfigurationPlatforms) = preSolution
		Debug|Win32 = Debug|Win32
		Release|Win32 = Release|Win32
	EndGlobalSection
	GlobalSection(ProjectConfigurationPlatforms) = postSolution
		{8456E5DC-7E59-4431-A7FB-BC68047CA2A9}.Debug|Win32.ActiveCfg = Debug|Win32
		{8456E5DC-7E59-4431-A7FB-BC68047CA2A9}.Debug|Win32.Build.0 = Debug|Win32
		{8456E5DC-7E59-4431-A7FB-BC68047CA2A9}.Release|Win32.ActiveCfg = Release|Win32
		{8456E5DC-7E59-4431-A7FB-BC68047CA2A9}.Release|Win32.Build.0 = Release|Win32
	EndGlobalSection
	GlobalSection(SolutionProperties) = preSolution
		HideSolutionNode = FALSE
	EndGlobalSection
EndGlobal
